PODS:
  - boost-for-react-native (1.63.0)
  - DoubleConversion (1.1.6)
  - FBSDKCoreKit (5.8.0):
    - FBSDKCoreKit/Basics (= 5.8.0)
    - FBSDKCoreKit/Core (= 5.8.0)
  - FBSDKCoreKit/Basics (5.8.0)
  - FBSDKCoreKit/Core (5.8.0):
    - FBSDKCoreKit/Basics
  - FBSDKLoginKit (5.8.0):
    - FBSDKLoginKit/Login (= 5.8.0)
  - FBSDKLoginKit/Login (5.8.0):
    - FBSDKCoreKit (~> 5.0)
  - FBSDKShareKit (5.8.0):
    - FBSDKShareKit/Share (= 5.8.0)
  - FBSDKShareKit/Share (5.8.0):
    - FBSDKCoreKit (~> 5.0)
  - Folly (2018.10.22.00):
    - boost-for-react-native
    - DoubleConversion
    - Folly/Default (= 2018.10.22.00)
    - glog
  - Folly/Default (2018.10.22.00):
    - boost-for-react-native
    - DoubleConversion
    - glog
  - glog (0.3.5)
  - RCTRestart (0.0.13):
    - React
  - React (0.60.6):
    - React-Core (= 0.60.6)
    - React-DevSupport (= 0.60.6)
    - React-RCTActionSheet (= 0.60.6)
    - React-RCTAnimation (= 0.60.6)
    - React-RCTBlob (= 0.60.6)
    - React-RCTImage (= 0.60.6)
    - React-RCTLinking (= 0.60.6)
    - React-RCTNetwork (= 0.60.6)
    - React-RCTSettings (= 0.60.6)
    - React-RCTText (= 0.60.6)
    - React-RCTVibration (= 0.60.6)
    - React-RCTWebSocket (= 0.60.6)
  - React-Core (0.60.6):
    - Folly (= 2018.10.22.00)
    - React-cxxreact (= 0.60.6)
    - React-jsiexecutor (= 0.60.6)
    - yoga (= 0.60.6.React)
  - React-cxxreact (0.60.6):
    - boost-for-react-native (= 1.63.0)
    - DoubleConversion
    - Folly (= 2018.10.22.00)
    - glog
    - React-jsinspector (= 0.60.6)
  - React-DevSupport (0.60.6):
    - React-Core (= 0.60.6)
    - React-RCTWebSocket (= 0.60.6)
  - React-jsi (0.60.6):
    - boost-for-react-native (= 1.63.0)
    - DoubleConversion
    - Folly (= 2018.10.22.00)
    - glog
    - React-jsi/Default (= 0.60.6)
  - React-jsi/Default (0.60.6):
    - boost-for-react-native (= 1.63.0)
    - DoubleConversion
    - Folly (= 2018.10.22.00)
    - glog
  - React-jsiexecutor (0.60.6):
    - DoubleConversion
    - Folly (= 2018.10.22.00)
    - glog
    - React-cxxreact (= 0.60.6)
    - React-jsi (= 0.60.6)
  - React-jsinspector (0.60.6)
  - react-native-fbsdk (1.1.1):
    - React
    - react-native-fbsdk/Core (= 1.1.1)
    - react-native-fbsdk/Login (= 1.1.1)
    - react-native-fbsdk/Share (= 1.1.1)
  - react-native-fbsdk/Core (1.1.1):
    - FBSDKCoreKit (= 5.8)
    - React
  - react-native-fbsdk/Login (1.1.1):
    - FBSDKLoginKit (= 5.8)
    - React
  - react-native-fbsdk/Share (1.1.1):
    - FBSDKShareKit (= 5.8)
    - React
  - react-native-geolocation (1.4.2):
    - React
  - react-native-webview (7.4.3):
    - React
  - React-RCTActionSheet (0.60.6):
    - React-Core (= 0.60.6)
  - React-RCTAnimation (0.60.6):
    - React-Core (= 0.60.6)
  - React-RCTBlob (0.60.6):
    - React-Core (= 0.60.6)
    - React-RCTNetwork (= 0.60.6)
    - React-RCTWebSocket (= 0.60.6)
  - React-RCTImage (0.60.6):
    - React-Core (= 0.60.6)
    - React-RCTNetwork (= 0.60.6)
  - React-RCTLinking (0.60.6):
    - React-Core (= 0.60.6)
  - React-RCTNetwork (0.60.6):
    - React-Core (= 0.60.6)
  - React-RCTSettings (0.60.6):
    - React-Core (= 0.60.6)
  - React-RCTText (0.60.6):
    - React-Core (= 0.60.6)
  - React-RCTVibration (0.60.6):
    - React-Core (= 0.60.6)
  - React-RCTWebSocket (0.60.6):
    - React-Core (= 0.60.6)
  - RNCAsyncStorage (1.6.2):
    - React
  - RNCPushNotificationIOS (1.0.2):
    - React
  - RNGestureHandler (1.5.0):
    - React
  - RNLocalize (1.3.1):
    - React
  - RNSentry (1.0.9):
    - React
    - Sentry (~> 4.4.0)
  - Sentry (4.4.1):
    - Sentry/Core (= 4.4.1)
  - Sentry/Core (4.4.1)
  - TouchID (4.4.1):
    - React
  - yoga (0.60.6.React)

DEPENDENCIES:
  - DoubleConversion (from `../node_modules/react-native/third-party-podspecs/DoubleConversion.podspec`)
  - Folly (from `../node_modules/react-native/third-party-podspecs/Folly.podspec`)
  - glog (from `../node_modules/react-native/third-party-podspecs/glog.podspec`)
  - RCTRestart (from `../node_modules/react-native-restart/ios`)
  - React (from `../node_modules/react-native/`)
  - React-Core (from `../node_modules/react-native/React`)
  - React-cxxreact (from `../node_modules/react-native/ReactCommon/cxxreact`)
  - React-DevSupport (from `../node_modules/react-native/React`)
  - React-jsi (from `../node_modules/react-native/ReactCommon/jsi`)
  - React-jsiexecutor (from `../node_modules/react-native/ReactCommon/jsiexecutor`)
  - React-jsinspector (from `../node_modules/react-native/ReactCommon/jsinspector`)
  - react-native-fbsdk (from `../node_modules/react-native-fbsdk`)
  - "react-native-geolocation (from `../node_modules/@react-native-community/geolocation`)"
  - react-native-webview (from `../node_modules/react-native-webview`)
  - React-RCTActionSheet (from `../node_modules/react-native/Libraries/ActionSheetIOS`)
  - React-RCTAnimation (from `../node_modules/react-native/Libraries/NativeAnimation`)
  - React-RCTBlob (from `../node_modules/react-native/Libraries/Blob`)
  - React-RCTImage (from `../node_modules/react-native/Libraries/Image`)
  - React-RCTLinking (from `../node_modules/react-native/Libraries/LinkingIOS`)
  - React-RCTNetwork (from `../node_modules/react-native/Libraries/Network`)
  - React-RCTSettings (from `../node_modules/react-native/Libraries/Settings`)
  - React-RCTText (from `../node_modules/react-native/Libraries/Text`)
  - React-RCTVibration (from `../node_modules/react-native/Libraries/Vibration`)
  - React-RCTWebSocket (from `../node_modules/react-native/Libraries/WebSocket`)
  - "RNCAsyncStorage (from `../node_modules/@react-native-community/async-storage`)"
  - "RNCPushNotificationIOS (from `../node_modules/@react-native-community/push-notification-ios`)"
  - RNGestureHandler (from `../node_modules/react-native-gesture-handler`)
  - RNLocalize (from `../node_modules/react-native-localize`)
  - "RNSentry (from `../node_modules/@sentry/react-native`)"
  - TouchID (from `../node_modules/react-native-touch-id`)
  - yoga (from `../node_modules/react-native/ReactCommon/yoga`)

SPEC REPOS:
  trunk:
    - boost-for-react-native
    - FBSDKCoreKit
    - FBSDKLoginKit
    - FBSDKShareKit
    - Sentry

EXTERNAL SOURCES:
  DoubleConversion:
    :podspec: "../node_modules/react-native/third-party-podspecs/DoubleConversion.podspec"
  Folly:
    :podspec: "../node_modules/react-native/third-party-podspecs/Folly.podspec"
  glog:
    :podspec: "../node_modules/react-native/third-party-podspecs/glog.podspec"
  RCTRestart:
    :path: "../node_modules/react-native-restart/ios"
  React:
    :path: "../node_modules/react-native/"
  React-Core:
    :path: "../node_modules/react-native/React"
  React-cxxreact:
    :path: "../node_modules/react-native/ReactCommon/cxxreact"
  React-DevSupport:
    :path: "../node_modules/react-native/React"
  React-jsi:
    :path: "../node_modules/react-native/ReactCommon/jsi"
  React-jsiexecutor:
    :path: "../node_modules/react-native/ReactCommon/jsiexecutor"
  React-jsinspector:
    :path: "../node_modules/react-native/ReactCommon/jsinspector"
  react-native-fbsdk:
    :path: "../node_modules/react-native-fbsdk"
  react-native-geolocation:
    :path: "../node_modules/@react-native-community/geolocation"
  react-native-webview:
    :path: "../node_modules/react-native-webview"
  React-RCTActionSheet:
    :path: "../node_modules/react-native/Libraries/ActionSheetIOS"
  React-RCTAnimation:
    :path: "../node_modules/react-native/Libraries/NativeAnimation"
  React-RCTBlob:
    :path: "../node_modules/react-native/Libraries/Blob"
  React-RCTImage:
    :path: "../node_modules/react-native/Libraries/Image"
  React-RCTLinking:
    :path: "../node_modules/react-native/Libraries/LinkingIOS"
  React-RCTNetwork:
    :path: "../node_modules/react-native/Libraries/Network"
  React-RCTSettings:
    :path: "../node_modules/react-native/Libraries/Settings"
  React-RCTText:
    :path: "../node_modules/react-native/Libraries/Text"
  React-RCTVibration:
    :path: "../node_modules/react-native/Libraries/Vibration"
  React-RCTWebSocket:
    :path: "../node_modules/react-native/Libraries/WebSocket"
  RNCAsyncStorage:
    :path: "../node_modules/@react-native-community/async-storage"
  RNCPushNotificationIOS:
    :path: "../node_modules/@react-native-community/push-notification-ios"
  RNGestureHandler:
    :path: "../node_modules/react-native-gesture-handler"
  RNLocalize:
    :path: "../node_modules/react-native-localize"
  RNSentry:
    :path: "../node_modules/@sentry/react-native"
  TouchID:
    :path: "../node_modules/react-native-touch-id"
  yoga:
    :path: "../node_modules/react-native/ReactCommon/yoga"

SPEC CHECKSUMS:
  boost-for-react-native: 39c7adb57c4e60d6c5479dd8623128eb5b3f0f2c
  DoubleConversion: 5805e889d232975c086db112ece9ed034df7a0b2
  FBSDKCoreKit: e7dcac0aabcfb09d0166998edd95fe3b05a0ce5d
  FBSDKLoginKit: 1b0cf04df0370b37404213157b060d6666ede814
  FBSDKShareKit: abc29e1bb4f9f59f679adf1ae191006d68455f96
  Folly: 30e7936e1c45c08d884aa59369ed951a8e68cf51
  glog: 1f3da668190260b06b429bb211bfbee5cd790c28
  RCTRestart: dd19aab87fc1118e05b6b5b91b959105647f56b4
  React: 68e7f8dfc27729eade18423072a143120f2f32ab
  React-Core: fc9dace551f6c8c1007dd2d3cb1bc10c90a01d3e
  React-cxxreact: abe59014fce932d41a08bf1aa5dcad9ca8f0a2c5
  React-DevSupport: b0da2fd9ad4ffb25561bf2a328ab84f78f871bdd
  React-jsi: 1a4248256b96fa453536a8dafe11b784e24e789d
  React-jsiexecutor: 2279e559b921d02dfc6253ebef3dcb3a9dc6c07e
  React-jsinspector: a58b86545a0185f69768e78ac96ca9fe43fa3694
  react-native-fbsdk: b94a83971c496a35803f38b921aec6d637ba07b5
  react-native-geolocation: a7b94614afbd5fd8350e0233a2025c8228fc8041
  react-native-webview: 82d6456dfae1b3ef70c3939135536342afc96373
  React-RCTActionSheet: 49f6a67a7efa6688f637296383d453b97ef13645
  React-RCTAnimation: e8047438b2927ebbe630bbf600c7309374075df3
  React-RCTBlob: 2c4b28daca5b3e6e356706d8e0c7436a0e8ef492
  React-RCTImage: 273501f0529775962551613259c20ccdf1a87cd2
  React-RCTLinking: 76c88b3cc98657915a2ba2f20d208e44d0530a43
  React-RCTNetwork: 77c11e672ccdcc33da5d047705f100b016497b15
  React-RCTSettings: f727c25ad26a8a9bd7272a8ba93781bd1f53952a
  React-RCTText: d91537e29e38dc69cf09cbca0875cf5dc7402da6
  React-RCTVibration: 7655d72dfb919dd6d8e135ca108a5a2bd9fcd7b4
  React-RCTWebSocket: 7cd2c8d0f8ddd680dc76404defba7ab1f56b83af
  RNCAsyncStorage: 60a80e72d95bf02a01cace55d3697d9724f0d77f
  RNCPushNotificationIOS: 0b8d06ff190d84627dd17501bfb96652375970e4
  RNGestureHandler: a4ddde1ffc6e590c8127b8b7eabfdade45475c74
  RNLocalize: 07eb7a91d10021cdf59d80061ebf3adb8a5b5688
  RNSentry: 2803ba8c8129dcf26b79e9b4d8c80168be6e4390
  Sentry: 5d312a04e369154aeac616214f4dfc3cbcc8b296
  TouchID: ba4c656d849cceabc2e4eef722dea5e55959ecf4
  yoga: 5079887aa3e4c62142d6bcee493022643ee4d730

PODFILE CHECKSUM: 9244052695e00167c1d786d840385e670510d6a9

COCOAPODS: 1.8.4
