{
	"name": "@origin/growth",
	"version": "0.1.0",
	"lockfileVersion": 1,
	"requires": true,
	"dependencies": {
		"graphql": {
			"version": "0.13.2",
			"resolved": "https://registry.npmjs.org/graphql/-/graphql-0.13.2.tgz",
			"integrity": "sha512-QZ5BL8ZO/B20VA8APauGBg3GyEgZ19eduvpLWoq5x7gMmWnHoy8rlQWPLmWgFvo1yNgjSEFMesmS4R6pPr7xog==",
			"requires": {
				"iterall": "^1.2.1"
			},
			"dependencies": {
				"iterall": {
					"version": "1.2.2",
					"resolved": "https://registry.npmjs.org/iterall/-/iterall-1.2.2.tgz",
					"integrity": "sha512-yynBb1g+RFUPY64fTrFv7nsjRrENBQJaX2UL+2Szc9REFrSNm1rpSXHGzhmAy7a9uv3vlvgBlXnf9RqmPH1/DA=="
				}
			}
		}
	}
}
