{
  "name": "@origin/marketplace",
  "version": "0.1.0",
  "lockfileVersion": 1,
  "requires": true,
  "dependencies": {
    "davidshimjs-qrcodejs": {
      "version": "0.0.2",
      "resolved": "https://registry.npmjs.org/davidshimjs-qrcodejs/-/davidshimjs-qrcodejs-0.0.2.tgz",
      "integrity": "sha1-LrRCpElWcQed9/eCDM/nT0Wp3sA="
    }
  }
}
