{
	"name": "origin-ipfs",
	"version": "0.1.0",
	"lockfileVersion": 1,
	"requires": true,
	"dependencies": {
		"cross-fetch": {
			"version": "2.2.3",
			"resolved": "https://registry.npmjs.org/cross-fetch/-/cross-fetch-2.2.3.tgz",
			"integrity": "sha512-PrWWNH3yL2NYIb/7WF/5vFG3DCQiXDOVf8k3ijatbrtnwNuhMWLC7YF7uqf53tbTFDzHIUD8oITw4Bxt8ST3Nw==",
			"dev": true,
			"requires": {
				"node-fetch": "2.1.2",
				"whatwg-fetch": "2.0.4"
			},
			"dependencies": {
				"node-fetch": {
					"version": "2.1.2",
					"resolved": "https://registry.npmjs.org/node-fetch/-/node-fetch-2.1.2.tgz",
					"integrity": "sha1-q4hOjn5X44qUR1POxwb3iNF2i7U=",
					"dev": true
				},
				"whatwg-fetch": {
					"version": "2.0.4",
					"resolved": "https://registry.npmjs.org/whatwg-fetch/-/whatwg-fetch-2.0.4.tgz",
					"integrity": "sha512-dcQ1GWpOD/eEQ97k66aiEVpNnapVj90/+R+SXTPYGHpYBBypfKJEQjLrvMZ7YXbKm21gXd4NcuxUTjiv1YtLng==",
					"dev": true
				}
			}
		}
	}
}
