{
	"name": "origin-ipfs",
	"version": "0.1.0",
	"lockfileVersion": 1,
	"requires": true,
	"dependencies": {
		"base-x": {
			"version": "3.0.5",
			"resolved": "https://registry.npmjs.org/base-x/-/base-x-3.0.5.tgz",
			"integrity": "sha512-C3picSgzPSLE+jW3tcBzJoGwitOtazb5B+5YmAxZm2ybmTi9LNgAtDO/jjVEBZwHoXmDBZ9m/IELj3elJVRBcA==",
			"dev": true,
			"requires": {
				"safe-buffer": "^5.0.1"
			}
		},
		"bs58": {
			"version": "4.0.1",
			"resolved": "https://registry.npmjs.org/bs58/-/bs58-4.0.1.tgz",
			"integrity": "sha1-vhYedsNU9veIrkBx9j806MTwpCo=",
			"dev": true,
			"requires": {
				"base-x": "^3.0.2"
			}
		},
		"safe-buffer": {
			"version": "5.1.2",
			"resolved": "https://registry.npmjs.org/safe-buffer/-/safe-buffer-5.1.2.tgz",
			"integrity": "sha512-Gd2UZBJDkXlY7GbJxfsE8/nvKkUEU1G38c1siN6QP6a9PT9MmHB8GnpscSmMJSoF8LOIrt8ud/wPtojys4G6+g==",
			"dev": true
		}
	}
}
